
Microsoft Visual Studio Solution File, Format Version 12.00
# Visual Studio Version 17
VisualStudioVersion = 17.4.33122.133
MinimumVisualStudioVersion = 10.0.40219.1
Project("{9A19103F-16F7-4668-BE54-9A1E7A4F7556}") = "Day1", "Day1\Day1.csproj", "{7B017242-B714-42DC-A6F9-694981620A4D}"
EndProject
Project("{9A19103F-16F7-4668-BE54-9A1E7A4F7556}") = "Utils", "Utils\Utils.csproj", "{98FE8F16-DADC-4F59-8A56-73389BBED1B7}"
EndProject
Project("{9A19103F-16F7-4668-BE54-9A1E7A4F7556}") = "Day2", "Day2\Day2.csproj", "{629F2C76-E9D1-49C9-8DCE-ED90BDB27A7C}"
EndProject
Project("{9A19103F-16F7-4668-BE54-9A1E7A4F7556}") = "Day3", "Day3\Day3.csproj", "{9E6207B0-F574-46FC-BDEF-F5BB04998B07}"
EndProject
Project("{9A19103F-16F7-4668-BE54-9A1E7A4F7556}") = "Day4", "Day4\Day4.csproj", "{D59ACA27-6519-44F5-9951-17F76994AF82}"
EndProject
Project("{9A19103F-16F7-4668-BE54-9A1E7A4F7556}") = "Day5", "Day5\Day5.csproj", "{1FFFA951-A5C0-4FDB-A640-758DF71B87DE}"
EndProject
Project("{9A19103F-16F7-4668-BE54-9A1E7A4F7556}") = "Day6", "Day6\Day6.csproj", "{A82B12C2-C486-47E6-A68C-8C7795E34342}"
EndProject
Project("{9A19103F-16F7-4668-BE54-9A1E7A4F7556}") = "Day7", "Day7\Day7.csproj", "{03D87BE4-4A4F-4E2B-B194-C61738480C36}"
EndProject
Project("{9A19103F-16F7-4668-BE54-9A1E7A4F7556}") = "Day8", "Day8\Day8.csproj", "{0C42190A-93A0-417A-A4E0-21BC67746875}"
EndProject
Project("{9A19103F-16F7-4668-BE54-9A1E7A4F7556}") = "Day9", "Day9\Day9.csproj", "{56905635-25F3-4DDC-971B-6CC3D33E8C65}"
EndProject
Project("{FAE04EC0-301F-11D3-BF4B-00C04F79EFBC}") = "Day10", "Day10\Day10.csproj", "{D460851D-24FB-4F5C-B67C-9CC33E748D1C}"
EndProject
Project("{9A19103F-16F7-4668-BE54-9A1E7A4F7556}") = "Day11", "Day11\Day11.csproj", "{B7F3BAC4-62A1-4ADF-8F56-655C85163A14}"
EndProject
Project("{9A19103F-16F7-4668-BE54-9A1E7A4F7556}") = "Day12", "Day12\Day12.csproj", "{57BFF5D0-F937-44C2-859B-688C2F58A233}"
EndProject
Project("{FAE04EC0-301F-11D3-BF4B-00C04F79EFBC}") = "Day13", "Day13\Day13.csproj", "{09162F0A-C26B-444D-86A6-D18537F27019}"
EndProject
Global
	GlobalSection(SolutionConfigurationPlatforms) = preSolution
		Debug|Any CPU = Debug|Any CPU
		Release|Any CPU = Release|Any CPU
	EndGlobalSection
	GlobalSection(ProjectConfigurationPlatforms) = postSolution
		{7B017242-B714-42DC-A6F9-694981620A4D}.Debug|Any CPU.ActiveCfg = Debug|Any CPU
		{7B017242-B714-42DC-A6F9-694981620A4D}.Debug|Any CPU.Build.0 = Debug|Any CPU
		{7B017242-B714-42DC-A6F9-694981620A4D}.Release|Any CPU.ActiveCfg = Release|Any CPU
		{7B017242-B714-42DC-A6F9-694981620A4D}.Release|Any CPU.Build.0 = Release|Any CPU
		{98FE8F16-DADC-4F59-8A56-73389BBED1B7}.Debug|Any CPU.ActiveCfg = Debug|Any CPU
		{98FE8F16-DADC-4F59-8A56-73389BBED1B7}.Debug|Any CPU.Build.0 = Debug|Any CPU
		{98FE8F16-DADC-4F59-8A56-73389BBED1B7}.Release|Any CPU.ActiveCfg = Release|Any CPU
		{98FE8F16-DADC-4F59-8A56-73389BBED1B7}.Release|Any CPU.Build.0 = Release|Any CPU
		{629F2C76-E9D1-49C9-8DCE-ED90BDB27A7C}.Debug|Any CPU.ActiveCfg = Debug|Any CPU
		{629F2C76-E9D1-49C9-8DCE-ED90BDB27A7C}.Debug|Any CPU.Build.0 = Debug|Any CPU
		{629F2C76-E9D1-49C9-8DCE-ED90BDB27A7C}.Release|Any CPU.ActiveCfg = Release|Any CPU
		{629F2C76-E9D1-49C9-8DCE-ED90BDB27A7C}.Release|Any CPU.Build.0 = Release|Any CPU
		{9E6207B0-F574-46FC-BDEF-F5BB04998B07}.Debug|Any CPU.ActiveCfg = Debug|Any CPU
		{9E6207B0-F574-46FC-BDEF-F5BB04998B07}.Debug|Any CPU.Build.0 = Debug|Any CPU
		{9E6207B0-F574-46FC-BDEF-F5BB04998B07}.Release|Any CPU.ActiveCfg = Release|Any CPU
		{9E6207B0-F574-46FC-BDEF-F5BB04998B07}.Release|Any CPU.Build.0 = Release|Any CPU
		{D59ACA27-6519-44F5-9951-17F76994AF82}.Debug|Any CPU.ActiveCfg = Debug|Any CPU
		{D59ACA27-6519-44F5-9951-17F76994AF82}.Debug|Any CPU.Build.0 = Debug|Any CPU
		{D59ACA27-6519-44F5-9951-17F76994AF82}.Release|Any CPU.ActiveCfg = Release|Any CPU
		{D59ACA27-6519-44F5-9951-17F76994AF82}.Release|Any CPU.Build.0 = Release|Any CPU
		{1FFFA951-A5C0-4FDB-A640-758DF71B87DE}.Debug|Any CPU.ActiveCfg = Debug|Any CPU
		{1FFFA951-A5C0-4FDB-A640-758DF71B87DE}.Debug|Any CPU.Build.0 = Debug|Any CPU
		{1FFFA951-A5C0-4FDB-A640-758DF71B87DE}.Release|Any CPU.ActiveCfg = Release|Any CPU
		{1FFFA951-A5C0-4FDB-A640-758DF71B87DE}.Release|Any CPU.Build.0 = Release|Any CPU
		{A82B12C2-C486-47E6-A68C-8C7795E34342}.Debug|Any CPU.ActiveCfg = Debug|Any CPU
		{A82B12C2-C486-47E6-A68C-8C7795E34342}.Debug|Any CPU.Build.0 = Debug|Any CPU
		{A82B12C2-C486-47E6-A68C-8C7795E34342}.Release|Any CPU.ActiveCfg = Release|Any CPU
		{A82B12C2-C486-47E6-A68C-8C7795E34342}.Release|Any CPU.Build.0 = Release|Any CPU
		{03D87BE4-4A4F-4E2B-B194-C61738480C36}.Debug|Any CPU.ActiveCfg = Debug|Any CPU
		{03D87BE4-4A4F-4E2B-B194-C61738480C36}.Debug|Any CPU.Build.0 = Debug|Any CPU
		{03D87BE4-4A4F-4E2B-B194-C61738480C36}.Release|Any CPU.ActiveCfg = Release|Any CPU
		{03D87BE4-4A4F-4E2B-B194-C61738480C36}.Release|Any CPU.Build.0 = Release|Any CPU
		{0C42190A-93A0-417A-A4E0-21BC67746875}.Debug|Any CPU.ActiveCfg = Debug|Any CPU
		{0C42190A-93A0-417A-A4E0-21BC67746875}.Debug|Any CPU.Build.0 = Debug|Any CPU
		{0C42190A-93A0-417A-A4E0-21BC67746875}.Release|Any CPU.ActiveCfg = Release|Any CPU
		{0C42190A-93A0-417A-A4E0-21BC67746875}.Release|Any CPU.Build.0 = Release|Any CPU
		{56905635-25F3-4DDC-971B-6CC3D33E8C65}.Debug|Any CPU.ActiveCfg = Debug|Any CPU
		{56905635-25F3-4DDC-971B-6CC3D33E8C65}.Debug|Any CPU.Build.0 = Debug|Any CPU
		{56905635-25F3-4DDC-971B-6CC3D33E8C65}.Release|Any CPU.ActiveCfg = Release|Any CPU
		{56905635-25F3-4DDC-971B-6CC3D33E8C65}.Release|Any CPU.Build.0 = Release|Any CPU
		{D460851D-24FB-4F5C-B67C-9CC33E748D1C}.Debug|Any CPU.ActiveCfg = Debug|Any CPU
		{D460851D-24FB-4F5C-B67C-9CC33E748D1C}.Debug|Any CPU.Build.0 = Debug|Any CPU
		{D460851D-24FB-4F5C-B67C-9CC33E748D1C}.Release|Any CPU.ActiveCfg = Release|Any CPU
		{D460851D-24FB-4F5C-B67C-9CC33E748D1C}.Release|Any CPU.Build.0 = Release|Any CPU
		{B7F3BAC4-62A1-4ADF-8F56-655C85163A14}.Debug|Any CPU.ActiveCfg = Debug|Any CPU
		{B7F3BAC4-62A1-4ADF-8F56-655C85163A14}.Debug|Any CPU.Build.0 = Debug|Any CPU
		{B7F3BAC4-62A1-4ADF-8F56-655C85163A14}.Release|Any CPU.ActiveCfg = Release|Any CPU
		{B7F3BAC4-62A1-4ADF-8F56-655C85163A14}.Release|Any CPU.Build.0 = Release|Any CPU
		{57BFF5D0-F937-44C2-859B-688C2F58A233}.Debug|Any CPU.ActiveCfg = Debug|Any CPU
		{57BFF5D0-F937-44C2-859B-688C2F58A233}.Debug|Any CPU.Build.0 = Debug|Any CPU
		{57BFF5D0-F937-44C2-859B-688C2F58A233}.Release|Any CPU.ActiveCfg = Release|Any CPU
		{57BFF5D0-F937-44C2-859B-688C2F58A233}.Release|Any CPU.Build.0 = Release|Any CPU
		{09162F0A-C26B-444D-86A6-D18537F27019}.Debug|Any CPU.ActiveCfg = Debug|Any CPU
		{09162F0A-C26B-444D-86A6-D18537F27019}.Debug|Any CPU.Build.0 = Debug|Any CPU
		{09162F0A-C26B-444D-86A6-D18537F27019}.Release|Any CPU.ActiveCfg = Release|Any CPU
		{09162F0A-C26B-444D-86A6-D18537F27019}.Release|Any CPU.Build.0 = Release|Any CPU
	EndGlobalSection
	GlobalSection(SolutionProperties) = preSolution
		HideSolutionNode = FALSE
	EndGlobalSection
	GlobalSection(ExtensibilityGlobals) = postSolution
		SolutionGuid = {B8DC238C-EBAB-41C2-BACE-3F0C747EBD20}
	EndGlobalSection
EndGlobal
